
Microsoft Visual Studio Solution File, Format Version 12.00
# Visual Studio Version 17
VisualStudioVersion = 17.1.32210.238
MinimumVisualStudioVersion = 10.0.40219.1
Project("{888888A0-9F3D-457C-B088-3A5042F75D52}") = "tour_excursions_website", "tour_excursions_website\tour_excursions_website.pyproj", "{1045A104-D850-4DF6-A406-CF1E18ABEBC2}"
EndProject
Global
	GlobalSection(SolutionConfigurationPlatforms) = preSolution
		Debug|Any CPU = Debug|Any CPU
		Release|Any CPU = Release|Any CPU
	EndGlobalSection
	GlobalSection(ProjectConfigurationPlatforms) = postSolution
		{1045A104-D850-4DF6-A406-CF1E18ABEBC2}.Debug|Any CPU.ActiveCfg = Debug|Any CPU
		{1045A104-D850-4DF6-A406-CF1E18ABEBC2}.Debug|Any CPU.Build.0 = Debug|Any CPU
		{1045A104-D850-4DF6-A406-CF1E18ABEBC2}.Release|Any CPU.ActiveCfg = Release|Any CPU
		{1045A104-D850-4DF6-A406-CF1E18ABEBC2}.Release|Any CPU.Build.0 = Release|Any CPU
	EndGlobalSection
	GlobalSection(SolutionProperties) = preSolution
		HideSolutionNode = FALSE
	EndGlobalSection
	GlobalSection(ExtensibilityGlobals) = postSolution
		SolutionGuid = {51202FDA-1922-4111-AB2D-C55C5DFDEC43}
	EndGlobalSection
EndGlobal
